PODS:
  - FlutterMacOS (1.0.0)
  - smart_auth (0.0.1):
    - FlutterMacOS

DEPENDENCIES:
  - FlutterMacOS (from `Flutter/ephemeral`)
  - smart_auth (from `Flutter/ephemeral/.symlinks/plugins/smart_auth/macos`)

EXTERNAL SOURCES:
  FlutterMacOS:
    :path: Flutter/ephemeral
  smart_auth:
    :path: Flutter/ephemeral/.symlinks/plugins/smart_auth/macos

SPEC CHECKSUMS:
  FlutterMacOS: 8f6f14fa908a6fb3fba0cd85dbd81ec4b251fb24
  smart_auth: b38e3ab4bfe089eacb1e233aca1a2340f96c28e9

PODFILE CHECKSUM: 236401fc2c932af29a9fcf0e97baeeb2d750d367

COCOAPODS: 1.14.3
